Microsoft Visual Studio Solution File, Format Version 12.00
# Visual Studio Version 17
VisualStudioVersion = 17.5.2.0
MinimumVisualStudioVersion = 10.0.40219.1
Project("{FAE04EC0-301F-11D3-BF4B-00C04F79EFBC}") = "ControlFinanzasProject", "ControlFinanzasProject.csproj", "{EBAF0F00-F024-3585-F358-DD4B89560B9E}"
EndProject
Global
	GlobalSection(SolutionConfigurationPlatforms) = preSolution
		Debug|Any CPU = Debug|Any CPU
		Release|Any CPU = Release|Any CPU
	EndGlobalSection
	GlobalSection(ProjectConfigurationPlatforms) = postSolution
		{EBAF0F00-F024-3585-F358-DD4B89560B9E}.Debug|Any CPU.ActiveCfg = Debug|Any CPU
		{EBAF0F00-F024-3585-F358-DD4B89560B9E}.Debug|Any CPU.Build.0 = Debug|Any CPU
		{EBAF0F00-F024-3585-F358-DD4B89560B9E}.Release|Any CPU.ActiveCfg = Release|Any CPU
		{EBAF0F00-F024-3585-F358-DD4B89560B9E}.Release|Any CPU.Build.0 = Release|Any CPU
	EndGlobalSection
	GlobalSection(SolutionProperties) = preSolution
		HideSolutionNode = FALSE
	EndGlobalSection
	GlobalSection(ExtensibilityGlobals) = postSolution
		SolutionGuid = {E5FAB025-B091-461F-B73E-919D78C95E00}
	EndGlobalSection
EndGlobal
